
Microsoft Visual Studio Solution File, Format Version 12.00
# Visual Studio Version 16
VisualStudioVersion = 16.0.30225.117
MinimumVisualStudioVersion = 10.0.40219.1
Project("{FAE04EC0-301F-11D3-BF4B-00C04F79EFBC}") = "Vidly", "Vidly\Vidly.csproj", "{6FA6A5CC-41CD-428D-8164-1AE497E2ACA6}"
EndProject
Global
	GlobalSection(SolutionConfigurationPlatforms) = preSolution
		Debug|Any CPU = Debug|Any CPU
		Release|Any CPU = Release|Any CPU
	EndGlobalSection
	GlobalSection(ProjectConfigurationPlatforms) = postSolution
		{6FA6A5CC-41CD-428D-8164-1AE497E2ACA6}.Debug|Any CPU.ActiveCfg = Debug|Any CPU
		{6FA6A5CC-41CD-428D-8164-1AE497E2ACA6}.Debug|Any CPU.Build.0 = Debug|Any CPU
		{6FA6A5CC-41CD-428D-8164-1AE497E2ACA6}.Release|Any CPU.ActiveCfg = Release|Any CPU
		{6FA6A5CC-41CD-428D-8164-1AE497E2ACA6}.Release|Any CPU.Build.0 = Release|Any CPU
	EndGlobalSection
	GlobalSection(SolutionProperties) = preSolution
		HideSolutionNode = FALSE
	EndGlobalSection
	GlobalSection(ExtensibilityGlobals) = postSolution
		SolutionGuid = {F8F663B2-DF98-4956-A8D8-E5FE99F6DB08}
	EndGlobalSection
EndGlobal
